// !$*UTF8*$!
{
	archiveVersion = 1;
	classes = {
	};
	objectVersion = 46;
	objects = {

/* Begin PBXBuildFile section */
		5806640419F2C4D000C005FB /* AppDelegate.swift in Sources */ = {isa = PBXBuildFile; fileRef = 5806640319F2C4D000C005FB /* AppDelegate.swift */; };
		5806640619F2C4D000C005FB /* ViewController.swift in Sources */ = {isa = PBXBuildFile; fileRef = 5806640519F2C4D000C005FB /* ViewController.swift */; };
		5806640919F2C4D000C005FB /* Main.storyboard in Resources */ = {isa = PBXBuildFile; fileRef = 5806640719F2C4D000C005FB /* Main.storyboard */; };
		5806640B19F2C4D000C005FB /* Images.xcassets in Resources */ = {isa = PBXBuildFile; fileRef = 5806640A19F2C4D000C005FB /* Images.xcassets */; };
		5806640E19F2C4D000C005FB /* LaunchScreen.xib in Resources */ = {isa = PBXBuildFile; fileRef = 5806640C19F2C4D000C005FB /* LaunchScreen.xib */; };
		5806641A19F2C4D000C005FB /* _DEngineTests.swift in Sources */ = {isa = PBXBuildFile; fileRef = 5806641919F2C4D000C005FB /* _DEngineTests.swift */; };
		5861ED1019F5543F00091EB3 /* Scan.swift in Sources */ = {isa = PBXBuildFile; fileRef = 5861ED0F19F5543F00091EB3 /* Scan.swift */; };
		5861ED1219F556F400091EB3 /* ScanConverter.swift in Sources */ = {isa = PBXBuildFile; fileRef = 5861ED1119F556F400091EB3 /* ScanConverter.swift */; };
		58794DC719F3F3C300FD455A /* DrawView.swift in Sources */ = {isa = PBXBuildFile; fileRef = 58794DC619F3F3C300FD455A /* DrawView.swift */; };
		58794DC919F3F62C00FD455A /* SolidPolygon3D.swift in Sources */ = {isa = PBXBuildFile; fileRef = 58794DC819F3F62C00FD455A /* SolidPolygon3D.swift */; };
		58794DCB19F404FD00FD455A /* QuartzCore.framework in Frameworks */ = {isa = PBXBuildFile; fileRef = 58794DCA19F404FD00FD455A /* QuartzCore.framework */; };
		589A3BCC1A18A287000A914C /* MoreMath.swift in Sources */ = {isa = PBXBuildFile; fileRef = 589A3BCB1A18A287000A914C /* MoreMath.swift */; };
		58C6F57319F3D5ED006A3CFE /* Polygon3D.swift in Sources */ = {isa = PBXBuildFile; fileRef = 58C6F56E19F3D5ED006A3CFE /* Polygon3D.swift */; };
		58C6F57419F3D5ED006A3CFE /* Rect.swift in Sources */ = {isa = PBXBuildFile; fileRef = 58C6F56F19F3D5ED006A3CFE /* Rect.swift */; };
		58C6F57519F3D5ED006A3CFE /* Transform3D.swift in Sources */ = {isa = PBXBuildFile; fileRef = 58C6F57019F3D5ED006A3CFE /* Transform3D.swift */; };
		58C6F57619F3D5ED006A3CFE /* Vector3D.swift in Sources */ = {isa = PBXBuildFile; fileRef = 58C6F57119F3D5ED006A3CFE /* Vector3D.swift */; };
		58C6F57719F3D5ED006A3CFE /* ViewWindow.swift in Sources */ = {isa = PBXBuildFile; fileRef = 58C6F57219F3D5ED006A3CFE /* ViewWindow.swift */; };
/* End PBXBuildFile section */

/* Begin PBXContainerItemProxy section */
		5806641419F2C4D000C005FB /* PBXContainerItemProxy */ = {
			isa = PBXContainerItemProxy;
			containerPortal = 580663F619F2C4D000C005FB /* Project object */;
			proxyType = 1;
			remoteGlobalIDString = 580663FD19F2C4D000C005FB;
			remoteInfo = 3DEngine;
		};
/* End PBXContainerItemProxy section */

/* Begin PBXFileReference section */
		580663FE19F2C4D000C005FB /* 3DEngine.app */ = {isa = PBXFileReference; explicitFileType = wrapper.application; includeInIndex = 0; path = 3DEngine.app; sourceTree = BUILT_PRODUCTS_DIR; };
		5806640219F2C4D000C005FB /* Info.plist */ = {isa = PBXFileReference; lastKnownFileType = text.plist.xml; path = Info.plist; sourceTree = "<group>"; };
		5806640319F2C4D000C005FB /* AppDelegate.swift */ = {isa = PBXFileReference; lastKnownFileType = sourcecode.swift; path = AppDelegate.swift; sourceTree = "<group>"; };
		5806640519F2C4D000C005FB /* ViewController.swift */ = {isa = PBXFileReference; lastKnownFileType = sourcecode.swift; path = ViewController.swift; sourceTree = "<group>"; };
		5806640819F2C4D000C005FB /* Base */ = {isa = PBXFileReference; lastKnownFileType = file.storyboard; name = Base; path = Base.lproj/Main.storyboard; sourceTree = "<group>"; };
		5806640A19F2C4D000C005FB /* Images.xcassets */ = {isa = PBXFileReference; lastKnownFileType = folder.assetcatalog; path = Images.xcassets; sourceTree = "<group>"; };
		5806640D19F2C4D000C005FB /* Base */ = {isa = PBXFileReference; lastKnownFileType = file.xib; name = Base; path = Base.lproj/LaunchScreen.xib; sourceTree = "<group>"; };
		5806641319F2C4D000C005FB /* 3DEngineTests.xctest */ = {isa = PBXFileReference; explicitFileType = wrapper.cfbundle; includeInIndex = 0; path = 3DEngineTests.xctest; sourceTree = BUILT_PRODUCTS_DIR; };
		5806641819F2C4D000C005FB /* Info.plist */ = {isa = PBXFileReference; lastKnownFileType = text.plist.xml; path = Info.plist; sourceTree = "<group>"; };
		5806641919F2C4D000C005FB /* _DEngineTests.swift */ = {isa = PBXFileReference; lastKnownFileType = sourcecode.swift; path = _DEngineTests.swift; sourceTree = "<group>"; };
		5861ED0F19F5543F00091EB3 /* Scan.swift */ = {isa = PBXFileReference; fileEncoding = 4; lastKnownFileType = sourcecode.swift; path = Scan.swift; sourceTree = "<group>"; };
		5861ED1119F556F400091EB3 /* ScanConverter.swift */ = {isa = PBXFileReference; fileEncoding = 4; lastKnownFileType = sourcecode.swift; path = ScanConverter.swift; sourceTree = "<group>"; };
		58794DC619F3F3C300FD455A /* DrawView.swift */ = {isa = PBXFileReference; fileEncoding = 4; lastKnownFileType = sourcecode.swift; path = DrawView.swift; sourceTree = "<group>"; };
		58794DC819F3F62C00FD455A /* SolidPolygon3D.swift */ = {isa = PBXFileReference; fileEncoding = 4; lastKnownFileType = sourcecode.swift; path = SolidPolygon3D.swift; sourceTree = "<group>"; };
		58794DCA19F404FD00FD455A /* QuartzCore.framework */ = {isa = PBXFileReference; lastKnownFileType = wrapper.framework; name = QuartzCore.framework; path = System/Library/Frameworks/QuartzCore.framework; sourceTree = SDKROOT; };
		589A3BCB1A18A287000A914C /* MoreMath.swift */ = {isa = PBXFileReference; fileEncoding = 4; lastKnownFileType = sourcecode.swift; path = MoreMath.swift; sourceTree = "<group>"; };
		58C6F56E19F3D5ED006A3CFE /* Polygon3D.swift */ = {isa = PBXFileReference; fileEncoding = 4; lastKnownFileType = sourcecode.swift; path = Polygon3D.swift; sourceTree = "<group>"; };
		58C6F56F19F3D5ED006A3CFE /* Rect.swift */ = {isa = PBXFileReference; fileEncoding = 4; lastKnownFileType = sourcecode.swift; path = Rect.swift; sourceTree = "<group>"; };
		58C6F57019F3D5ED006A3CFE /* Transform3D.swift */ = {isa = PBXFileReference; fileEncoding = 4; lastKnownFileType = sourcecode.swift; path = Transform3D.swift; sourceTree = "<group>"; };
		58C6F57119F3D5ED006A3CFE /* Vector3D.swift */ = {isa = PBXFileReference; fileEncoding = 4; lastKnownFileType = sourcecode.swift; path = Vector3D.swift; sourceTree = "<group>"; };
		58C6F57219F3D5ED006A3CFE /* ViewWindow.swift */ = {isa = PBXFileReference; fileEncoding = 4; lastKnownFileType = sourcecode.swift; path = ViewWindow.swift; sourceTree = "<group>"; };
/* End PBXFileReference section */

/* Begin PBXFrameworksBuildPhase section */
		580663FB19F2C4D000C005FB /* Frameworks */ = {
			isa = PBXFrameworksBuildPhase;
			buildActionMask = 2147483647;
			files = (
				58794DCB19F404FD00FD455A /* QuartzCore.framework in Frameworks */,
			);
			runOnlyForDeploymentPostprocessing = 0;
		};
		5806641019F2C4D000C005FB /* Frameworks */ = {
			isa = PBXFrameworksBuildPhase;
			buildActionMask = 2147483647;
			files = (
			);
			runOnlyForDeploymentPostprocessing = 0;
		};
/* End PBXFrameworksBuildPhase section */

/* Begin PBXGroup section */
		580663F519F2C4D000C005FB = {
			isa = PBXGroup;
			children = (
				58794DCA19F404FD00FD455A /* QuartzCore.framework */,
				5806640019F2C4D000C005FB /* 3DEngine */,
				5806641619F2C4D000C005FB /* 3DEngineTests */,
				580663FF19F2C4D000C005FB /* Products */,
			);
			sourceTree = "<group>";
		};
		580663FF19F2C4D000C005FB /* Products */ = {
			isa = PBXGroup;
			children = (
				580663FE19F2C4D000C005FB /* 3DEngine.app */,
				5806641319F2C4D000C005FB /* 3DEngineTests.xctest */,
			);
			name = Products;
			sourceTree = "<group>";
		};
		5806640019F2C4D000C005FB /* 3DEngine */ = {
			isa = PBXGroup;
			children = (
				58C6F56D19F3D5B6006A3CFE /* 3DEngine */,
				5806640319F2C4D000C005FB /* AppDelegate.swift */,
				58794DC619F3F3C300FD455A /* DrawView.swift */,
				5806640519F2C4D000C005FB /* ViewController.swift */,
				5806640719F2C4D000C005FB /* Main.storyboard */,
				5806640A19F2C4D000C005FB /* Images.xcassets */,
				5806640C19F2C4D000C005FB /* LaunchScreen.xib */,
				5806640119F2C4D000C005FB /* Supporting Files */,
			);
			path = 3DEngine;
			sourceTree = "<group>";
		};
		5806640119F2C4D000C005FB /* Supporting Files */ = {
			isa = PBXGroup;
			children = (
				5806640219F2C4D000C005FB /* Info.plist */,
			);
			name = "Supporting Files";
			sourceTree = "<group>";
		};
		5806641619F2C4D000C005FB /* 3DEngineTests */ = {
			isa = PBXGroup;
			children = (
				5806641919F2C4D000C005FB /* _DEngineTests.swift */,
				5806641719F2C4D000C005FB /* Supporting Files */,
			);
			path = 3DEngineTests;
			sourceTree = "<group>";
		};
		5806641719F2C4D000C005FB /* Supporting Files */ = {
			isa = PBXGroup;
			children = (
				5806641819F2C4D000C005FB /* Info.plist */,
			);
			name = "Supporting Files";
			sourceTree = "<group>";
		};
		58C6F56D19F3D5B6006A3CFE /* 3DEngine */ = {
			isa = PBXGroup;
			children = (
				58794DC819F3F62C00FD455A /* SolidPolygon3D.swift */,
				58C6F56E19F3D5ED006A3CFE /* Polygon3D.swift */,
				58C6F56F19F3D5ED006A3CFE /* Rect.swift */,
				58C6F57019F3D5ED006A3CFE /* Transform3D.swift */,
				58C6F57119F3D5ED006A3CFE /* Vector3D.swift */,
				58C6F57219F3D5ED006A3CFE /* ViewWindow.swift */,
				5861ED0F19F5543F00091EB3 /* Scan.swift */,
				5861ED1119F556F400091EB3 /* ScanConverter.swift */,
				589A3BCB1A18A287000A914C /* MoreMath.swift */,
			);
			path = 3DEngine;
			sourceTree = "<group>";
		};
/* End PBXGroup section */

/* Begin PBXNativeTarget section */
		580663FD19F2C4D000C005FB /* 3DEngine */ = {
			isa = PBXNativeTarget;
			buildConfigurationList = 5806641D19F2C4D000C005FB /* Build configuration list for PBXNativeTarget "3DEngine" */;
			buildPhases = (
				580663FA19F2C4D000C005FB /* Sources */,
				580663FB19F2C4D000C005FB /* Frameworks */,
				580663FC19F2C4D000C005FB /* Resources */,
			);
			buildRules = (
			);
			dependencies = (
			);
			name = 3DEngine;
			productName = 3DEngine;
			productReference = 580663FE19F2C4D000C005FB /* 3DEngine.app */;
			productType = "com.apple.product-type.application";
		};
		5806641219F2C4D000C005FB /* 3DEngineTests */ = {
			isa = PBXNativeTarget;
			buildConfigurationList = 5806642019F2C4D000C005FB /* Build configuration list for PBXNativeTarget "3DEngineTests" */;
			buildPhases = (
				5806640F19F2C4D000C005FB /* Sources */,
				5806641019F2C4D000C005FB /* Frameworks */,
				5806641119F2C4D000C005FB /* Resources */,
			);
			buildRules = (
			);
			dependencies = (
				5806641519F2C4D000C005FB /* PBXTargetDependency */,
			);
			name = 3DEngineTests;
			productName = 3DEngineTests;
			productReference = 5806641319F2C4D000C005FB /* 3DEngineTests.xctest */;
			productType = "com.apple.product-type.bundle.unit-test";
		};
/* End PBXNativeTarget section */

/* Begin PBXProject section */
		580663F619F2C4D000C005FB /* Project object */ = {
			isa = PBXProject;
			attributes = {
				LastUpgradeCheck = 0600;
				ORGANIZATIONNAME = "Xu Zhao";
				TargetAttributes = {
					580663FD19F2C4D000C005FB = {
						CreatedOnToolsVersion = 6.0.1;
					};
					5806641219F2C4D000C005FB = {
						CreatedOnToolsVersion = 6.0.1;
						TestTargetID = 580663FD19F2C4D000C005FB;
					};
				};
			};
			buildConfigurationList = 580663F919F2C4D000C005FB /* Build configuration list for PBXProject "3DEngine" */;
			compatibilityVersion = "Xcode 3.2";
			developmentRegion = English;
			hasScannedForEncodings = 0;
			knownRegions = (
				en,
				Base,
			);
			mainGroup = 580663F519F2C4D000C005FB;
			productRefGroup = 580663FF19F2C4D000C005FB /* Products */;
			projectDirPath = "";
			projectRoot = "";
			targets = (
				580663FD19F2C4D000C005FB /* 3DEngine */,
				5806641219F2C4D000C005FB /* 3DEngineTests */,
			);
		};
/* End PBXProject section */

/* Begin PBXResourcesBuildPhase section */
		580663FC19F2C4D000C005FB /* Resources */ = {
			isa = PBXResourcesBuildPhase;
			buildActionMask = 2147483647;
			files = (
				5806640919F2C4D000C005FB /* Main.storyboard in Resources */,
				5806640E19F2C4D000C005FB /* LaunchScreen.xib in Resources */,
				5806640B19F2C4D000C005FB /* Images.xcassets in Resources */,
			);
			runOnlyForDeploymentPostprocessing = 0;
		};
		5806641119F2C4D000C005FB /* Resources */ = {
			isa = PBXResourcesBuildPhase;
			buildActionMask = 2147483647;
			files = (
			);
			runOnlyForDeploymentPostprocessing = 0;
		};
/* End PBXResourcesBuildPhase section */

/* Begin PBXSourcesBuildPhase section */
		580663FA19F2C4D000C005FB /* Sources */ = {
			isa = PBXSourcesBuildPhase;
			buildActionMask = 2147483647;
			files = (
				5806640619F2C4D000C005FB /* ViewController.swift in Sources */,
				5861ED1219F556F400091EB3 /* ScanConverter.swift in Sources */,
				58C6F57719F3D5ED006A3CFE /* ViewWindow.swift in Sources */,
				58794DC919F3F62C00FD455A /* SolidPolygon3D.swift in Sources */,
				58794DC719F3F3C300FD455A /* DrawView.swift in Sources */,
				58C6F57519F3D5ED006A3CFE /* Transform3D.swift in Sources */,
				589A3BCC1A18A287000A914C /* MoreMath.swift in Sources */,
				58C6F57319F3D5ED006A3CFE /* Polygon3D.swift in Sources */,
				5861ED1019F5543F00091EB3 /* Scan.swift in Sources */,
				58C6F57619F3D5ED006A3CFE /* Vector3D.swift in Sources */,
				5806640419F2C4D000C005FB /* AppDelegate.swift in Sources */,
				58C6F57419F3D5ED006A3CFE /* Rect.swift in Sources */,
			);
			runOnlyForDeploymentPostprocessing = 0;
		};
		5806640F19F2C4D000C005FB /* Sources */ = {
			isa = PBXSourcesBuildPhase;
			buildActionMask = 2147483647;
			files = (
				5806641A19F2C4D000C005FB /* _DEngineTests.swift in Sources */,
			);
			runOnlyForDeploymentPostprocessing = 0;
		};
/* End PBXSourcesBuildPhase section */

/* Begin PBXTargetDependency section */
		5806641519F2C4D000C005FB /* PBXTargetDependency */ = {
			isa = PBXTargetDependency;
			target = 580663FD19F2C4D000C005FB /* 3DEngine */;
			targetProxy = 5806641419F2C4D000C005FB /* PBXContainerItemProxy */;
		};
/* End PBXTargetDependency section */

/* Begin PBXVariantGroup section */
		5806640719F2C4D000C005FB /* Main.storyboard */ = {
			isa = PBXVariantGroup;
			children = (
				5806640819F2C4D000C005FB /* Base */,
			);
			name = Main.storyboard;
			sourceTree = "<group>";
		};
		5806640C19F2C4D000C005FB /* LaunchScreen.xib */ = {
			isa = PBXVariantGroup;
			children = (
				5806640D19F2C4D000C005FB /* Base */,
			);
			name = LaunchScreen.xib;
			sourceTree = "<group>";
		};
/* End PBXVariantGroup section */

/* Begin XCBuildConfiguration section */
		5806641B19F2C4D000C005FB /* Debug */ = {
			isa = XCBuildConfiguration;
			buildSettings = {
				ALWAYS_SEARCH_USER_PATHS = NO;
				CLANG_CXX_LANGUAGE_STANDARD = "gnu++0x";
				CLANG_CXX_LIBRARY = "libc++";
				CLANG_ENABLE_MODULES = YES;
				CLANG_ENABLE_OBJC_ARC = YES;
				CLANG_WARN_BOOL_CONVERSION = YES;
				CLANG_WARN_CONSTANT_CONVERSION = YES;
				CLANG_WARN_DIRECT_OBJC_ISA_USAGE = YES_ERROR;
				CLANG_WARN_EMPTY_BODY = YES;
				CLANG_WARN_ENUM_CONVERSION = YES;
				CLANG_WARN_INT_CONVERSION = YES;
				CLANG_WARN_OBJC_ROOT_CLASS = YES_ERROR;
				CLANG_WARN_UNREACHABLE_CODE = YES;
				CLANG_WARN__DUPLICATE_METHOD_MATCH = YES;
				"CODE_SIGN_IDENTITY[sdk=iphoneos*]" = "iPhone Developer";
				COPY_PHASE_STRIP = NO;
				ENABLE_STRICT_OBJC_MSGSEND = YES;
				GCC_C_LANGUAGE_STANDARD = gnu99;
				GCC_DYNAMIC_NO_PIC = NO;
				GCC_OPTIMIZATION_LEVEL = 0;
				GCC_PREPROCESSOR_DEFINITIONS = (
					"DEBUG=1",
					"$(inherited)",
				);
				GCC_SYMBOLS_PRIVATE_EXTERN = NO;
				GCC_WARN_64_TO_32_BIT_CONVERSION = YES;
				GCC_WARN_ABOUT_RETURN_TYPE = YES_ERROR;
				GCC_WARN_UNDECLARED_SELECTOR = YES;
				GCC_WARN_UNINITIALIZED_AUTOS = YES_AGGRESSIVE;
				GCC_WARN_UNUSED_FUNCTION = YES;
				GCC_WARN_UNUSED_VARIABLE = YES;
				IPHONEOS_DEPLOYMENT_TARGET = 8.0;
				MTL_ENABLE_DEBUG_INFO = YES;
				ONLY_ACTIVE_ARCH = YES;
				SDKROOT = iphoneos;
				SWIFT_OPTIMIZATION_LEVEL = "-Onone";
				TARGETED_DEVICE_FAMILY = "1,2";
			};
			name = Debug;
		};
		5806641C19F2C4D000C005FB /* Release */ = {
			isa = XCBuildConfiguration;
			buildSettings = {
				ALWAYS_SEARCH_USER_PATHS = NO;
				CLANG_CXX_LANGUAGE_STANDARD = "gnu++0x";
				CLANG_CXX_LIBRARY = "libc++";
				CLANG_ENABLE_MODULES = YES;
				CLANG_ENABLE_OBJC_ARC = YES;
				CLANG_WARN_BOOL_CONVERSION = YES;
				CLANG_WARN_CONSTANT_CONVERSION = YES;
				CLANG_WARN_DIRECT_OBJC_ISA_USAGE = YES_ERROR;
				CLANG_WARN_EMPTY_BODY = YES;
				CLANG_WARN_ENUM_CONVERSION = YES;
				CLANG_WARN_INT_CONVERSION = YES;
				CLANG_WARN_OBJC_ROOT_CLASS = YES_ERROR;
				CLANG_WARN_UNREACHABLE_CODE = YES;
				CLANG_WARN__DUPLICATE_METHOD_MATCH = YES;
				"CODE_SIGN_IDENTITY[sdk=iphoneos*]" = "iPhone Developer";
				COPY_PHASE_STRIP = YES;
				ENABLE_NS_ASSERTIONS = NO;
				ENABLE_STRICT_OBJC_MSGSEND = YES;
				GCC_C_LANGUAGE_STANDARD = gnu99;
				GCC_WARN_64_TO_32_BIT_CONVERSION = YES;
				GCC_WARN_ABOUT_RETURN_TYPE = YES_ERROR;
				GCC_WARN_UNDECLARED_SELECTOR = YES;
				GCC_WARN_UNINITIALIZED_AUTOS = YES_AGGRESSIVE;
				GCC_WARN_UNUSED_FUNCTION = YES;
				GCC_WARN_UNUSED_VARIABLE = YES;
				IPHONEOS_DEPLOYMENT_TARGET = 8.0;
				MTL_ENABLE_DEBUG_INFO = NO;
				SDKROOT = iphoneos;
				TARGETED_DEVICE_FAMILY = "1,2";
				VALIDATE_PRODUCT = YES;
			};
			name = Release;
		};
		5806641E19F2C4D000C005FB /* Debug */ = {
			isa = XCBuildConfiguration;
			buildSettings = {
				ASSETCATALOG_COMPILER_APPICON_NAME = AppIcon;
				INFOPLIST_FILE = 3DEngine/Info.plist;
				LD_RUNPATH_SEARCH_PATHS = "$(inherited) @executable_path/Frameworks";
				PRODUCT_NAME = "$(TARGET_NAME)";
			};
			name = Debug;
		};
		5806641F19F2C4D000C005FB /* Release */ = {
			isa = XCBuildConfiguration;
			buildSettings = {
				ASSETCATALOG_COMPILER_APPICON_NAME = AppIcon;
				INFOPLIST_FILE = 3DEngine/Info.plist;
				LD_RUNPATH_SEARCH_PATHS = "$(inherited) @executable_path/Frameworks";
				PRODUCT_NAME = "$(TARGET_NAME)";
			};
			name = Release;
		};
		5806642119F2C4D000C005FB /* Debug */ = {
			isa = XCBuildConfiguration;
			buildSettings = {
				BUNDLE_LOADER = "$(TEST_HOST)";
				FRAMEWORK_SEARCH_PATHS = (
					"$(SDKROOT)/Developer/Library/Frameworks",
					"$(inherited)",
				);
				GCC_PREPROCESSOR_DEFINITIONS = (
					"DEBUG=1",
					"$(inherited)",
				);
				INFOPLIST_FILE = 3DEngineTests/Info.plist;
				LD_RUNPATH_SEARCH_PATHS = "$(inherited) @executable_path/Frameworks @loader_path/Frameworks";
				PRODUCT_NAME = "$(TARGET_NAME)";
				TEST_HOST = "$(BUILT_PRODUCTS_DIR)/3DEngine.app/3DEngine";
			};
			name = Debug;
		};
		5806642219F2C4D000C005FB /* Release */ = {
			isa = XCBuildConfiguration;
			buildSettings = {
				BUNDLE_LOADER = "$(TEST_HOST)";
				FRAMEWORK_SEARCH_PATHS = (
					"$(SDKROOT)/Developer/Library/Frameworks",
					"$(inherited)",
				);
				INFOPLIST_FILE = 3DEngineTests/Info.plist;
				LD_RUNPATH_SEARCH_PATHS = "$(inherited) @executable_path/Frameworks @loader_path/Frameworks";
				PRODUCT_NAME = "$(TARGET_NAME)";
				TEST_HOST = "$(BUILT_PRODUCTS_DIR)/3DEngine.app/3DEngine";
			};
			name = Release;
		};
/* End XCBuildConfiguration section */

/* Begin XCConfigurationList section */
		580663F919F2C4D000C005FB /* Build configuration list for PBXProject "3DEngine" */ = {
			isa = XCConfigurationList;
			buildConfigurations = (
				5806641B19F2C4D000C005FB /* Debug */,
				5806641C19F2C4D000C005FB /* Release */,
			);
			defaultConfigurationIsVisible = 0;
			defaultConfigurationName = Release;
		};
		5806641D19F2C4D000C005FB /* Build configuration list for PBXNativeTarget "3DEngine" */ = {
			isa = XCConfigurationList;
			buildConfigurations = (
				5806641E19F2C4D000C005FB /* Debug */,
				5806641F19F2C4D000C005FB /* Release */,
			);
			defaultConfigurationIsVisible = 0;
			defaultConfigurationName = Release;
		};
		5806642019F2C4D000C005FB /* Build configuration list for PBXNativeTarget "3DEngineTests" */ = {
			isa = XCConfigurationList;
			buildConfigurations = (
				5806642119F2C4D000C005FB /* Debug */,
				5806642219F2C4D000C005FB /* Release */,
			);
			defaultConfigurationIsVisible = 0;
			defaultConfigurationName = Release;
		};
/* End XCConfigurationList section */
	};
	rootObject = 580663F619F2C4D000C005FB /* Project object */;
}
